
Microsoft Visual Studio Solution File, Format Version 12.00
# Visual Studio Version 16
VisualStudioVersion = 16.0.30503.244
MinimumVisualStudioVersion = 10.0.40219.1
Project("{FAE04EC0-301F-11D3-BF4B-00C04F79EFBC}") = "ShuiMinimalDistance", "src\ShuiMinimalDistance\ShuiMinimalDistance.csproj", "{66CDF800-D452-4119-ABCE-DD2C4D42B149}"
EndProject
Project("{FAE04EC0-301F-11D3-BF4B-00C04F79EFBC}") = "ShuiMinimalDistance.Test", "src\ShuiMinimalDistance.Test\ShuiMinimalDistance.Test.csproj", "{640F48FF-1922-49B5-9311-2DA0066945DD}"
EndProject
Global
	GlobalSection(SolutionConfigurationPlatforms) = preSolution
		Debug|Any CPU = Debug|Any CPU
		Release|Any CPU = Release|Any CPU
	EndGlobalSection
	GlobalSection(ProjectConfigurationPlatforms) = postSolution
		{66CDF800-D452-4119-ABCE-DD2C4D42B149}.Debug|Any CPU.ActiveCfg = Debug|Any CPU
		{66CDF800-D452-4119-ABCE-DD2C4D42B149}.Debug|Any CPU.Build.0 = Debug|Any CPU
		{66CDF800-D452-4119-ABCE-DD2C4D42B149}.Release|Any CPU.ActiveCfg = Release|Any CPU
		{66CDF800-D452-4119-ABCE-DD2C4D42B149}.Release|Any CPU.Build.0 = Release|Any CPU
		{640F48FF-1922-49B5-9311-2DA0066945DD}.Debug|Any CPU.ActiveCfg = Debug|Any CPU
		{640F48FF-1922-49B5-9311-2DA0066945DD}.Debug|Any CPU.Build.0 = Debug|Any CPU
		{640F48FF-1922-49B5-9311-2DA0066945DD}.Release|Any CPU.ActiveCfg = Release|Any CPU
		{640F48FF-1922-49B5-9311-2DA0066945DD}.Release|Any CPU.Build.0 = Release|Any CPU
	EndGlobalSection
	GlobalSection(SolutionProperties) = preSolution
		HideSolutionNode = FALSE
	EndGlobalSection
	GlobalSection(ExtensibilityGlobals) = postSolution
		SolutionGuid = {42480613-C160-469A-834A-57D3B34B3065}
	EndGlobalSection
EndGlobal
